
Microsoft Visual Studio Solution File, Format Version 12.00
Project("{FAE04EC0-301F-11D3-BF4B-00C04F79EFBC}") = "SEProgrammableBlocks", "SEProgrammableBlocks.csproj", "{FC0B2389-8647-4E80-AF9C-0577D767B338}"
EndProject
Global
	GlobalSection(SolutionConfigurationPlatforms) = preSolution
		Debug|Any CPU = Debug|Any CPU
		Release|Any CPU = Release|Any CPU
	EndGlobalSection
	GlobalSection(ProjectConfigurationPlatforms) = postSolution
		{FC0B2389-8647-4E80-AF9C-0577D767B338}.Debug|Any CPU.ActiveCfg = Debug|Any CPU
		{FC0B2389-8647-4E80-AF9C-0577D767B338}.Debug|Any CPU.Build.0 = Debug|Any CPU
		{FC0B2389-8647-4E80-AF9C-0577D767B338}.Release|Any CPU.ActiveCfg = Release|Any CPU
		{FC0B2389-8647-4E80-AF9C-0577D767B338}.Release|Any CPU.Build.0 = Release|Any CPU
	EndGlobalSection
EndGlobal
